// !$*UTF8*$!
{
	archiveVersion = 1;
	classes = {
	};
	objectVersion = 56;
	objects = {

/* Begin PBXBuildFile section */
		67BBA3C92A881C3C00B99C16 /* ClientsDBApp.swift in Sources */ = {isa = PBXBuildFile; fileRef = 67BBA3C82A881C3C00B99C16 /* ClientsDBApp.swift */; };
		67BBA3CB2A881C3C00B99C16 /* ContentView.swift in Sources */ = {isa = PBXBuildFile; fileRef = 67BBA3CA2A881C3C00B99C16 /* ContentView.swift */; };
		67BBA3CD2A881C3D00B99C16 /* Assets.xcassets in Resources */ = {isa = PBXBuildFile; fileRef = 67BBA3CC2A881C3D00B99C16 /* Assets.xcassets */; };
		67BBA3D02A881C3D00B99C16 /* Preview Assets.xcassets in Resources */ = {isa = PBXBuildFile; fileRef = 67BBA3CF2A881C3D00B99C16 /* Preview Assets.xcassets */; };
		67BBA3DA2A881C3D00B99C16 /* ClientsDBTests.swift in Sources */ = {isa = PBXBuildFile; fileRef = 67BBA3D92A881C3D00B99C16 /* ClientsDBTests.swift */; };
		67BBA3E42A881C3D00B99C16 /* ClientsDBUITests.swift in Sources */ = {isa = PBXBuildFile; fileRef = 67BBA3E32A881C3D00B99C16 /* ClientsDBUITests.swift */; };
		67BBA3E62A881C3D00B99C16 /* ClientsDBUITestsLaunchTests.swift in Sources */ = {isa = PBXBuildFile; fileRef = 67BBA3E52A881C3D00B99C16 /* ClientsDBUITestsLaunchTests.swift */; };
		67BBA3F52A881C5F00B99C16 /* ClientsManager.swift in Sources */ = {isa = PBXBuildFile; fileRef = 67BBA3F42A881C5F00B99C16 /* ClientsManager.swift */; };
		67BBA3F82A881C6900B99C16 /* Clients.xcdatamodeld in Sources */ = {isa = PBXBuildFile; fileRef = 67BBA3F62A881C6900B99C16 /* Clients.xcdatamodeld */; };
		67BBA3FA2A88216500B99C16 /* DBTests.swift in Sources */ = {isa = PBXBuildFile; fileRef = 67BBA3F92A88216500B99C16 /* DBTests.swift */; };
/* End PBXBuildFile section */

/* Begin PBXContainerItemProxy section */
		67BBA3D62A881C3D00B99C16 /* PBXContainerItemProxy */ = {
			isa = PBXContainerItemProxy;
			containerPortal = 67BBA3BD2A881C3C00B99C16 /* Project object */;
			proxyType = 1;
			remoteGlobalIDString = 67BBA3C42A881C3C00B99C16;
			remoteInfo = ClientsDB;
		};
		67BBA3E02A881C3D00B99C16 /* PBXContainerItemProxy */ = {
			isa = PBXContainerItemProxy;
			containerPortal = 67BBA3BD2A881C3C00B99C16 /* Project object */;
			proxyType = 1;
			remoteGlobalIDString = 67BBA3C42A881C3C00B99C16;
			remoteInfo = ClientsDB;
		};
/* End PBXContainerItemProxy section */

/* Begin PBXFileReference section */
		67BBA3C52A881C3C00B99C16 /* ClientsDB.app */ = {isa = PBXFileReference; explicitFileType = wrapper.application; includeInIndex = 0; path = ClientsDB.app; sourceTree = BUILT_PRODUCTS_DIR; };
		67BBA3C82A881C3C00B99C16 /* ClientsDBApp.swift */ = {isa = PBXFileReference; lastKnownFileType = sourcecode.swift; path = ClientsDBApp.swift; sourceTree = "<group>"; };
		67BBA3CA2A881C3C00B99C16 /* ContentView.swift */ = {isa = PBXFileReference; lastKnownFileType = sourcecode.swift; path = ContentView.swift; sourceTree = "<group>"; };
		67BBA3CC2A881C3D00B99C16 /* Assets.xcassets */ = {isa = PBXFileReference; lastKnownFileType = folder.assetcatalog; path = Assets.xcassets; sourceTree = "<group>"; };
		67BBA3CF2A881C3D00B99C16 /* Preview Assets.xcassets */ = {isa = PBXFileReference; lastKnownFileType = folder.assetcatalog; path = "Preview Assets.xcassets"; sourceTree = "<group>"; };
		67BBA3D52A881C3D00B99C16 /* ClientsDBTests.xctest */ = {isa = PBXFileReference; explicitFileType = wrapper.cfbundle; includeInIndex = 0; path = ClientsDBTests.xctest; sourceTree = BUILT_PRODUCTS_DIR; };
		67BBA3D92A881C3D00B99C16 /* ClientsDBTests.swift */ = {isa = PBXFileReference; lastKnownFileType = sourcecode.swift; path = ClientsDBTests.swift; sourceTree = "<group>"; };
		67BBA3DF2A881C3D00B99C16 /* ClientsDBUITests.xctest */ = {isa = PBXFileReference; explicitFileType = wrapper.cfbundle; includeInIndex = 0; path = ClientsDBUITests.xctest; sourceTree = BUILT_PRODUCTS_DIR; };
		67BBA3E32A881C3D00B99C16 /* ClientsDBUITests.swift */ = {isa = PBXFileReference; lastKnownFileType = sourcecode.swift; path = ClientsDBUITests.swift; sourceTree = "<group>"; };
		67BBA3E52A881C3D00B99C16 /* ClientsDBUITestsLaunchTests.swift */ = {isa = PBXFileReference; lastKnownFileType = sourcecode.swift; path = ClientsDBUITestsLaunchTests.swift; sourceTree = "<group>"; };
		67BBA3F42A881C5F00B99C16 /* ClientsManager.swift */ = {isa = PBXFileReference; lastKnownFileType = sourcecode.swift; path = ClientsManager.swift; sourceTree = "<group>"; };
		67BBA3F72A881C6900B99C16 /* Clients.xcdatamodel */ = {isa = PBXFileReference; lastKnownFileType = wrapper.xcdatamodel; path = Clients.xcdatamodel; sourceTree = "<group>"; };
		67BBA3F92A88216500B99C16 /* DBTests.swift */ = {isa = PBXFileReference; lastKnownFileType = sourcecode.swift; path = DBTests.swift; sourceTree = "<group>"; };
/* End PBXFileReference section */

/* Begin PBXFrameworksBuildPhase section */
		67BBA3C22A881C3C00B99C16 /* Frameworks */ = {
			isa = PBXFrameworksBuildPhase;
			buildActionMask = 2147483647;
			files = (
			);
			runOnlyForDeploymentPostprocessing = 0;
		};
		67BBA3D22A881C3D00B99C16 /* Frameworks */ = {
			isa = PBXFrameworksBuildPhase;
			buildActionMask = 2147483647;
			files = (
			);
			runOnlyForDeploymentPostprocessing = 0;
		};
		67BBA3DC2A881C3D00B99C16 /* Frameworks */ = {
			isa = PBXFrameworksBuildPhase;
			buildActionMask = 2147483647;
			files = (
			);
			runOnlyForDeploymentPostprocessing = 0;
		};
/* End PBXFrameworksBuildPhase section */

/* Begin PBXGroup section */
		67BBA3BC2A881C3C00B99C16 = {
			isa = PBXGroup;
			children = (
				67BBA3C72A881C3C00B99C16 /* ClientsDB */,
				67BBA3D82A881C3D00B99C16 /* ClientsDBTests */,
				67BBA3E22A881C3D00B99C16 /* ClientsDBUITests */,
				67BBA3C62A881C3C00B99C16 /* Products */,
			);
			sourceTree = "<group>";
		};
		67BBA3C62A881C3C00B99C16 /* Products */ = {
			isa = PBXGroup;
			children = (
				67BBA3C52A881C3C00B99C16 /* ClientsDB.app */,
				67BBA3D52A881C3D00B99C16 /* ClientsDBTests.xctest */,
				67BBA3DF2A881C3D00B99C16 /* ClientsDBUITests.xctest */,
			);
			name = Products;
			sourceTree = "<group>";
		};
		67BBA3C72A881C3C00B99C16 /* ClientsDB */ = {
			isa = PBXGroup;
			children = (
				67BBA3F22A881C4700B99C16 /* Managers */,
				67BBA3C82A881C3C00B99C16 /* ClientsDBApp.swift */,
				67BBA3CA2A881C3C00B99C16 /* ContentView.swift */,
				67BBA3CC2A881C3D00B99C16 /* Assets.xcassets */,
				67BBA3CE2A881C3D00B99C16 /* Preview Content */,
			);
			path = ClientsDB;
			sourceTree = "<group>";
		};
		67BBA3CE2A881C3D00B99C16 /* Preview Content */ = {
			isa = PBXGroup;
			children = (
				67BBA3CF2A881C3D00B99C16 /* Preview Assets.xcassets */,
			);
			path = "Preview Content";
			sourceTree = "<group>";
		};
		67BBA3D82A881C3D00B99C16 /* ClientsDBTests */ = {
			isa = PBXGroup;
			children = (
				67BBA3D92A881C3D00B99C16 /* ClientsDBTests.swift */,
				67BBA3F92A88216500B99C16 /* DBTests.swift */,
			);
			path = ClientsDBTests;
			sourceTree = "<group>";
		};
		67BBA3E22A881C3D00B99C16 /* ClientsDBUITests */ = {
			isa = PBXGroup;
			children = (
				67BBA3E32A881C3D00B99C16 /* ClientsDBUITests.swift */,
				67BBA3E52A881C3D00B99C16 /* ClientsDBUITestsLaunchTests.swift */,
			);
			path = ClientsDBUITests;
			sourceTree = "<group>";
		};
		67BBA3F22A881C4700B99C16 /* Managers */ = {
			isa = PBXGroup;
			children = (
				67BBA3F32A881C4E00B99C16 /* ClientsManager */,
			);
			path = Managers;
			sourceTree = "<group>";
		};
		67BBA3F32A881C4E00B99C16 /* ClientsManager */ = {
			isa = PBXGroup;
			children = (
				67BBA3F42A881C5F00B99C16 /* ClientsManager.swift */,
				67BBA3F62A881C6900B99C16 /* Clients.xcdatamodeld */,
			);
			path = ClientsManager;
			sourceTree = "<group>";
		};
/* End PBXGroup section */

/* Begin PBXNativeTarget section */
		67BBA3C42A881C3C00B99C16 /* ClientsDB */ = {
			isa = PBXNativeTarget;
			buildConfigurationList = 67BBA3E92A881C3D00B99C16 /* Build configuration list for PBXNativeTarget "ClientsDB" */;
			buildPhases = (
				67BBA3C12A881C3C00B99C16 /* Sources */,
				67BBA3C22A881C3C00B99C16 /* Frameworks */,
				67BBA3C32A881C3C00B99C16 /* Resources */,
			);
			buildRules = (
			);
			dependencies = (
			);
			name = ClientsDB;
			productName = ClientsDB;
			productReference = 67BBA3C52A881C3C00B99C16 /* ClientsDB.app */;
			productType = "com.apple.product-type.application";
		};
		67BBA3D42A881C3D00B99C16 /* ClientsDBTests */ = {
			isa = PBXNativeTarget;
			buildConfigurationList = 67BBA3EC2A881C3D00B99C16 /* Build configuration list for PBXNativeTarget "ClientsDBTests" */;
			buildPhases = (
				67BBA3D12A881C3D00B99C16 /* Sources */,
				67BBA3D22A881C3D00B99C16 /* Frameworks */,
				67BBA3D32A881C3D00B99C16 /* Resources */,
			);
			buildRules = (
			);
			dependencies = (
				67BBA3D72A881C3D00B99C16 /* PBXTargetDependency */,
			);
			name = ClientsDBTests;
			productName = ClientsDBTests;
			productReference = 67BBA3D52A881C3D00B99C16 /* ClientsDBTests.xctest */;
			productType = "com.apple.product-type.bundle.unit-test";
		};
		67BBA3DE2A881C3D00B99C16 /* ClientsDBUITests */ = {
			isa = PBXNativeTarget;
			buildConfigurationList = 67BBA3EF2A881C3D00B99C16 /* Build configuration list for PBXNativeTarget "ClientsDBUITests" */;
			buildPhases = (
				67BBA3DB2A881C3D00B99C16 /* Sources */,
				67BBA3DC2A881C3D00B99C16 /* Frameworks */,
				67BBA3DD2A881C3D00B99C16 /* Resources */,
			);
			buildRules = (
			);
			dependencies = (
				67BBA3E12A881C3D00B99C16 /* PBXTargetDependency */,
			);
			name = ClientsDBUITests;
			productName = ClientsDBUITests;
			productReference = 67BBA3DF2A881C3D00B99C16 /* ClientsDBUITests.xctest */;
			productType = "com.apple.product-type.bundle.ui-testing";
		};
/* End PBXNativeTarget section */

/* Begin PBXProject section */
		67BBA3BD2A881C3C00B99C16 /* Project object */ = {
			isa = PBXProject;
			attributes = {
				BuildIndependentTargetsInParallel = 1;
				LastSwiftUpdateCheck = 1430;
				LastUpgradeCheck = 1430;
				TargetAttributes = {
					67BBA3C42A881C3C00B99C16 = {
						CreatedOnToolsVersion = 14.3.1;
					};
					67BBA3D42A881C3D00B99C16 = {
						CreatedOnToolsVersion = 14.3.1;
						TestTargetID = 67BBA3C42A881C3C00B99C16;
					};
					67BBA3DE2A881C3D00B99C16 = {
						CreatedOnToolsVersion = 14.3.1;
						TestTargetID = 67BBA3C42A881C3C00B99C16;
					};
				};
			};
			buildConfigurationList = 67BBA3C02A881C3C00B99C16 /* Build configuration list for PBXProject "ClientsDB" */;
			compatibilityVersion = "Xcode 14.0";
			developmentRegion = en;
			hasScannedForEncodings = 0;
			knownRegions = (
				en,
				Base,
			);
			mainGroup = 67BBA3BC2A881C3C00B99C16;
			productRefGroup = 67BBA3C62A881C3C00B99C16 /* Products */;
			projectDirPath = "";
			projectRoot = "";
			targets = (
				67BBA3C42A881C3C00B99C16 /* ClientsDB */,
				67BBA3D42A881C3D00B99C16 /* ClientsDBTests */,
				67BBA3DE2A881C3D00B99C16 /* ClientsDBUITests */,
			);
		};
/* End PBXProject section */

/* Begin PBXResourcesBuildPhase section */
		67BBA3C32A881C3C00B99C16 /* Resources */ = {
			isa = PBXResourcesBuildPhase;
			buildActionMask = 2147483647;
			files = (
				67BBA3D02A881C3D00B99C16 /* Preview Assets.xcassets in Resources */,
				67BBA3CD2A881C3D00B99C16 /* Assets.xcassets in Resources */,
			);
			runOnlyForDeploymentPostprocessing = 0;
		};
		67BBA3D32A881C3D00B99C16 /* Resources */ = {
			isa = PBXResourcesBuildPhase;
			buildActionMask = 2147483647;
			files = (
			);
			runOnlyForDeploymentPostprocessing = 0;
		};
		67BBA3DD2A881C3D00B99C16 /* Resources */ = {
			isa = PBXResourcesBuildPhase;
			buildActionMask = 2147483647;
			files = (
			);
			runOnlyForDeploymentPostprocessing = 0;
		};
/* End PBXResourcesBuildPhase section */

/* Begin PBXSourcesBuildPhase section */
		67BBA3C12A881C3C00B99C16 /* Sources */ = {
			isa = PBXSourcesBuildPhase;
			buildActionMask = 2147483647;
			files = (
				67BBA3F52A881C5F00B99C16 /* ClientsManager.swift in Sources */,
				67BBA3CB2A881C3C00B99C16 /* ContentView.swift in Sources */,
				67BBA3F82A881C6900B99C16 /* Clients.xcdatamodeld in Sources */,
				67BBA3C92A881C3C00B99C16 /* ClientsDBApp.swift in Sources */,
			);
			runOnlyForDeploymentPostprocessing = 0;
		};
		67BBA3D12A881C3D00B99C16 /* Sources */ = {
			isa = PBXSourcesBuildPhase;
			buildActionMask = 2147483647;
			files = (
				67BBA3DA2A881C3D00B99C16 /* ClientsDBTests.swift in Sources */,
				67BBA3FA2A88216500B99C16 /* DBTests.swift in Sources */,
			);
			runOnlyForDeploymentPostprocessing = 0;
		};
		67BBA3DB2A881C3D00B99C16 /* Sources */ = {
			isa = PBXSourcesBuildPhase;
			buildActionMask = 2147483647;
			files = (
				67BBA3E42A881C3D00B99C16 /* ClientsDBUITests.swift in Sources */,
				67BBA3E62A881C3D00B99C16 /* ClientsDBUITestsLaunchTests.swift in Sources */,
			);
			runOnlyForDeploymentPostprocessing = 0;
		};
/* End PBXSourcesBuildPhase section */

/* Begin PBXTargetDependency section */
		67BBA3D72A881C3D00B99C16 /* PBXTargetDependency */ = {
			isa = PBXTargetDependency;
			target = 67BBA3C42A881C3C00B99C16 /* ClientsDB */;
			targetProxy = 67BBA3D62A881C3D00B99C16 /* PBXContainerItemProxy */;
		};
		67BBA3E12A881C3D00B99C16 /* PBXTargetDependency */ = {
			isa = PBXTargetDependency;
			target = 67BBA3C42A881C3C00B99C16 /* ClientsDB */;
			targetProxy = 67BBA3E02A881C3D00B99C16 /* PBXContainerItemProxy */;
		};
/* End PBXTargetDependency section */

/* Begin XCBuildConfiguration section */
		67BBA3E72A881C3D00B99C16 /* Debug */ = {
			isa = XCBuildConfiguration;
			buildSettings = {
				ALWAYS_SEARCH_USER_PATHS = NO;
				CLANG_ANALYZER_NONNULL = YES;
				CLANG_ANALYZER_NUMBER_OBJECT_CONVERSION = YES_AGGRESSIVE;
				CLANG_CXX_LANGUAGE_STANDARD = "gnu++20";
				CLANG_ENABLE_MODULES = YES;
				CLANG_ENABLE_OBJC_ARC = YES;
				CLANG_ENABLE_OBJC_WEAK = YES;
				CLANG_WARN_BLOCK_CAPTURE_AUTORELEASING = YES;
				CLANG_WARN_BOOL_CONVERSION = YES;
				CLANG_WARN_COMMA = YES;
				CLANG_WARN_CONSTANT_CONVERSION = YES;
				CLANG_WARN_DEPRECATED_OBJC_IMPLEMENTATIONS = YES;
				CLANG_WARN_DIRECT_OBJC_ISA_USAGE = YES_ERROR;
				CLANG_WARN_DOCUMENTATION_COMMENTS = YES;
				CLANG_WARN_EMPTY_BODY = YES;
				CLANG_WARN_ENUM_CONVERSION = YES;
				CLANG_WARN_INFINITE_RECURSION = YES;
				CLANG_WARN_INT_CONVERSION = YES;
				CLANG_WARN_NON_LITERAL_NULL_CONVERSION = YES;
				CLANG_WARN_OBJC_IMPLICIT_RETAIN_SELF = YES;
				CLANG_WARN_OBJC_LITERAL_CONVERSION = YES;
				CLANG_WARN_OBJC_ROOT_CLASS = YES_ERROR;
				CLANG_WARN_QUOTED_INCLUDE_IN_FRAMEWORK_HEADER = YES;
				CLANG_WARN_RANGE_LOOP_ANALYSIS = YES;
				CLANG_WARN_STRICT_PROTOTYPES = YES;
				CLANG_WARN_SUSPICIOUS_MOVE = YES;
				CLANG_WARN_UNGUARDED_AVAILABILITY = YES_AGGRESSIVE;
				CLANG_WARN_UNREACHABLE_CODE = YES;
				CLANG_WARN__DUPLICATE_METHOD_MATCH = YES;
				COPY_PHASE_STRIP = NO;
				DEBUG_INFORMATION_FORMAT = dwarf;
				ENABLE_STRICT_OBJC_MSGSEND = YES;
				ENABLE_TESTABILITY = YES;
				GCC_C_LANGUAGE_STANDARD = gnu11;
				GCC_DYNAMIC_NO_PIC = NO;
				GCC_NO_COMMON_BLOCKS = YES;
				GCC_OPTIMIZATION_LEVEL = 0;
				GCC_PREPROCESSOR_DEFINITIONS = (
					"DEBUG=1",
					"$(inherited)",
				);
				GCC_WARN_64_TO_32_BIT_CONVERSION = YES;
				GCC_WARN_ABOUT_RETURN_TYPE = YES_ERROR;
				GCC_WARN_UNDECLARED_SELECTOR = YES;
				GCC_WARN_UNINITIALIZED_AUTOS = YES_AGGRESSIVE;
				GCC_WARN_UNUSED_FUNCTION = YES;
				GCC_WARN_UNUSED_VARIABLE = YES;
				IPHONEOS_DEPLOYMENT_TARGET = 16.4;
				MTL_ENABLE_DEBUG_INFO = INCLUDE_SOURCE;
				MTL_FAST_MATH = YES;
				ONLY_ACTIVE_ARCH = YES;
				SDKROOT = iphoneos;
				SWIFT_ACTIVE_COMPILATION_CONDITIONS = DEBUG;
				SWIFT_OPTIMIZATION_LEVEL = "-Onone";
			};
			name = Debug;
		};
		67BBA3E82A881C3D00B99C16 /* Release */ = {
			isa = XCBuildConfiguration;
			buildSettings = {
				ALWAYS_SEARCH_USER_PATHS = NO;
				CLANG_ANALYZER_NONNULL = YES;
				CLANG_ANALYZER_NUMBER_OBJECT_CONVERSION = YES_AGGRESSIVE;
				CLANG_CXX_LANGUAGE_STANDARD = "gnu++20";
				CLANG_ENABLE_MODULES = YES;
				CLANG_ENABLE_OBJC_ARC = YES;
				CLANG_ENABLE_OBJC_WEAK = YES;
				CLANG_WARN_BLOCK_CAPTURE_AUTORELEASING = YES;
				CLANG_WARN_BOOL_CONVERSION = YES;
				CLANG_WARN_COMMA = YES;
				CLANG_WARN_CONSTANT_CONVERSION = YES;
				CLANG_WARN_DEPRECATED_OBJC_IMPLEMENTATIONS = YES;
				CLANG_WARN_DIRECT_OBJC_ISA_USAGE = YES_ERROR;
				CLANG_WARN_DOCUMENTATION_COMMENTS = YES;
				CLANG_WARN_EMPTY_BODY = YES;
				CLANG_WARN_ENUM_CONVERSION = YES;
				CLANG_WARN_INFINITE_RECURSION = YES;
				CLANG_WARN_INT_CONVERSION = YES;
				CLANG_WARN_NON_LITERAL_NULL_CONVERSION = YES;
				CLANG_WARN_OBJC_IMPLICIT_RETAIN_SELF = YES;
				CLANG_WARN_OBJC_LITERAL_CONVERSION = YES;
				CLANG_WARN_OBJC_ROOT_CLASS = YES_ERROR;
				CLANG_WARN_QUOTED_INCLUDE_IN_FRAMEWORK_HEADER = YES;
				CLANG_WARN_RANGE_LOOP_ANALYSIS = YES;
				CLANG_WARN_STRICT_PROTOTYPES = YES;
				CLANG_WARN_SUSPICIOUS_MOVE = YES;
				CLANG_WARN_UNGUARDED_AVAILABILITY = YES_AGGRESSIVE;
				CLANG_WARN_UNREACHABLE_CODE = YES;
				CLANG_WARN__DUPLICATE_METHOD_MATCH = YES;
				COPY_PHASE_STRIP = NO;
				DEBUG_INFORMATION_FORMAT = "dwarf-with-dsym";
				ENABLE_NS_ASSERTIONS = NO;
				ENABLE_STRICT_OBJC_MSGSEND = YES;
				GCC_C_LANGUAGE_STANDARD = gnu11;
				GCC_NO_COMMON_BLOCKS = YES;
				GCC_WARN_64_TO_32_BIT_CONVERSION = YES;
				GCC_WARN_ABOUT_RETURN_TYPE = YES_ERROR;
				GCC_WARN_UNDECLARED_SELECTOR = YES;
				GCC_WARN_UNINITIALIZED_AUTOS = YES_AGGRESSIVE;
				GCC_WARN_UNUSED_FUNCTION = YES;
				GCC_WARN_UNUSED_VARIABLE = YES;
				IPHONEOS_DEPLOYMENT_TARGET = 16.4;
				MTL_ENABLE_DEBUG_INFO = NO;
				MTL_FAST_MATH = YES;
				SDKROOT = iphoneos;
				SWIFT_COMPILATION_MODE = wholemodule;
				SWIFT_OPTIMIZATION_LEVEL = "-O";
				VALIDATE_PRODUCT = YES;
			};
			name = Release;
		};
		67BBA3EA2A881C3D00B99C16 /* Debug */ = {
			isa = XCBuildConfiguration;
			buildSettings = {
				ASSETCATALOG_COMPILER_APPICON_NAME = AppIcon;
				ASSETCATALOG_COMPILER_GLOBAL_ACCENT_COLOR_NAME = AccentColor;
				CODE_SIGN_STYLE = Automatic;
				CURRENT_PROJECT_VERSION = 1;
				DEVELOPMENT_ASSET_PATHS = "\"ClientsDB/Preview Content\"";
				DEVELOPMENT_TEAM = 242HT6L8AJ;
				ENABLE_PREVIEWS = YES;
				GENERATE_INFOPLIST_FILE = YES;
				INFOPLIST_KEY_UIApplicationSceneManifest_Generation = YES;
				INFOPLIST_KEY_UIApplicationSupportsIndirectInputEvents = YES;
				INFOPLIST_KEY_UILaunchScreen_Generation = YES;
				INFOPLIST_KEY_UISupportedInterfaceOrientations_iPad = "UIInterfaceOrientationPortrait UIInterfaceOrientationPortraitUpsideDown UIInterfaceOrientationLandscapeLeft UIInterfaceOrientationLandscapeRight";
				INFOPLIST_KEY_UISupportedInterfaceOrientations_iPhone = "UIInterfaceOrientationPortrait UIInterfaceOrientationLandscapeLeft UIInterfaceOrientationLandscapeRight";
				LD_RUNPATH_SEARCH_PATHS = (
					"$(inherited)",
					"@executable_path/Frameworks",
				);
				MARKETING_VERSION = 1.0;
				PRODUCT_BUNDLE_IDENTIFIER = geolenko.ClientsDB;
				PRODUCT_NAME = "$(TARGET_NAME)";
				SWIFT_EMIT_LOC_STRINGS = YES;
				SWIFT_VERSION = 5.0;
				TARGETED_DEVICE_FAMILY = "1,2";
			};
			name = Debug;
		};
		67BBA3EB2A881C3D00B99C16 /* Release */ = {
			isa = XCBuildConfiguration;
			buildSettings = {
				ASSETCATALOG_COMPILER_APPICON_NAME = AppIcon;
				ASSETCATALOG_COMPILER_GLOBAL_ACCENT_COLOR_NAME = AccentColor;
				CODE_SIGN_STYLE = Automatic;
				CURRENT_PROJECT_VERSION = 1;
				DEVELOPMENT_ASSET_PATHS = "\"ClientsDB/Preview Content\"";
				DEVELOPMENT_TEAM = 242HT6L8AJ;
				ENABLE_PREVIEWS = YES;
				GENERATE_INFOPLIST_FILE = YES;
				INFOPLIST_KEY_UIApplicationSceneManifest_Generation = YES;
				INFOPLIST_KEY_UIApplicationSupportsIndirectInputEvents = YES;
				INFOPLIST_KEY_UILaunchScreen_Generation = YES;
				INFOPLIST_KEY_UISupportedInterfaceOrientations_iPad = "UIInterfaceOrientationPortrait UIInterfaceOrientationPortraitUpsideDown UIInterfaceOrientationLandscapeLeft UIInterfaceOrientationLandscapeRight";
				INFOPLIST_KEY_UISupportedInterfaceOrientations_iPhone = "UIInterfaceOrientationPortrait UIInterfaceOrientationLandscapeLeft UIInterfaceOrientationLandscapeRight";
				LD_RUNPATH_SEARCH_PATHS = (
					"$(inherited)",
					"@executable_path/Frameworks",
				);
				MARKETING_VERSION = 1.0;
				PRODUCT_BUNDLE_IDENTIFIER = geolenko.ClientsDB;
				PRODUCT_NAME = "$(TARGET_NAME)";
				SWIFT_EMIT_LOC_STRINGS = YES;
				SWIFT_VERSION = 5.0;
				TARGETED_DEVICE_FAMILY = "1,2";
			};
			name = Release;
		};
		67BBA3ED2A881C3D00B99C16 /* Debug */ = {
			isa = XCBuildConfiguration;
			buildSettings = {
				ALWAYS_EMBED_SWIFT_STANDARD_LIBRARIES = YES;
				BUNDLE_LOADER = "$(TEST_HOST)";
				CODE_SIGN_STYLE = Automatic;
				CURRENT_PROJECT_VERSION = 1;
				DEVELOPMENT_TEAM = 242HT6L8AJ;
				GENERATE_INFOPLIST_FILE = YES;
				IPHONEOS_DEPLOYMENT_TARGET = 16.4;
				MARKETING_VERSION = 1.0;
				PRODUCT_BUNDLE_IDENTIFIER = geolenko.ClientsDBTests;
				PRODUCT_NAME = "$(TARGET_NAME)";
				SWIFT_EMIT_LOC_STRINGS = NO;
				SWIFT_VERSION = 5.0;
				TARGETED_DEVICE_FAMILY = "1,2";
				TEST_HOST = "$(BUILT_PRODUCTS_DIR)/ClientsDB.app/$(BUNDLE_EXECUTABLE_FOLDER_PATH)/ClientsDB";
			};
			name = Debug;
		};
		67BBA3EE2A881C3D00B99C16 /* Release */ = {
			isa = XCBuildConfiguration;
			buildSettings = {
				ALWAYS_EMBED_SWIFT_STANDARD_LIBRARIES = YES;
				BUNDLE_LOADER = "$(TEST_HOST)";
				CODE_SIGN_STYLE = Automatic;
				CURRENT_PROJECT_VERSION = 1;
				DEVELOPMENT_TEAM = 242HT6L8AJ;
				GENERATE_INFOPLIST_FILE = YES;
				IPHONEOS_DEPLOYMENT_TARGET = 16.4;
				MARKETING_VERSION = 1.0;
				PRODUCT_BUNDLE_IDENTIFIER = geolenko.ClientsDBTests;
				PRODUCT_NAME = "$(TARGET_NAME)";
				SWIFT_EMIT_LOC_STRINGS = NO;
				SWIFT_VERSION = 5.0;
				TARGETED_DEVICE_FAMILY = "1,2";
				TEST_HOST = "$(BUILT_PRODUCTS_DIR)/ClientsDB.app/$(BUNDLE_EXECUTABLE_FOLDER_PATH)/ClientsDB";
			};
			name = Release;
		};
		67BBA3F02A881C3D00B99C16 /* Debug */ = {
			isa = XCBuildConfiguration;
			buildSettings = {
				ALWAYS_EMBED_SWIFT_STANDARD_LIBRARIES = YES;
				CODE_SIGN_STYLE = Automatic;
				CURRENT_PROJECT_VERSION = 1;
				DEVELOPMENT_TEAM = 242HT6L8AJ;
				GENERATE_INFOPLIST_FILE = YES;
				MARKETING_VERSION = 1.0;
				PRODUCT_BUNDLE_IDENTIFIER = geolenko.ClientsDBUITests;
				PRODUCT_NAME = "$(TARGET_NAME)";
				SWIFT_EMIT_LOC_STRINGS = NO;
				SWIFT_VERSION = 5.0;
				TARGETED_DEVICE_FAMILY = "1,2";
				TEST_TARGET_NAME = ClientsDB;
			};
			name = Debug;
		};
		67BBA3F12A881C3D00B99C16 /* Release */ = {
			isa = XCBuildConfiguration;
			buildSettings = {
				ALWAYS_EMBED_SWIFT_STANDARD_LIBRARIES = YES;
				CODE_SIGN_STYLE = Automatic;
				CURRENT_PROJECT_VERSION = 1;
				DEVELOPMENT_TEAM = 242HT6L8AJ;
				GENERATE_INFOPLIST_FILE = YES;
				MARKETING_VERSION = 1.0;
				PRODUCT_BUNDLE_IDENTIFIER = geolenko.ClientsDBUITests;
				PRODUCT_NAME = "$(TARGET_NAME)";
				SWIFT_EMIT_LOC_STRINGS = NO;
				SWIFT_VERSION = 5.0;
				TARGETED_DEVICE_FAMILY = "1,2";
				TEST_TARGET_NAME = ClientsDB;
			};
			name = Release;
		};
/* End XCBuildConfiguration section */

/* Begin XCConfigurationList section */
		67BBA3C02A881C3C00B99C16 /* Build configuration list for PBXProject "ClientsDB" */ = {
			isa = XCConfigurationList;
			buildConfigurations = (
				67BBA3E72A881C3D00B99C16 /* Debug */,
				67BBA3E82A881C3D00B99C16 /* Release */,
			);
			defaultConfigurationIsVisible = 0;
			defaultConfigurationName = Release;
		};
		67BBA3E92A881C3D00B99C16 /* Build configuration list for PBXNativeTarget "ClientsDB" */ = {
			isa = XCConfigurationList;
			buildConfigurations = (
				67BBA3EA2A881C3D00B99C16 /* Debug */,
				67BBA3EB2A881C3D00B99C16 /* Release */,
			);
			defaultConfigurationIsVisible = 0;
			defaultConfigurationName = Release;
		};
		67BBA3EC2A881C3D00B99C16 /* Build configuration list for PBXNativeTarget "ClientsDBTests" */ = {
			isa = XCConfigurationList;
			buildConfigurations = (
				67BBA3ED2A881C3D00B99C16 /* Debug */,
				67BBA3EE2A881C3D00B99C16 /* Release */,
			);
			defaultConfigurationIsVisible = 0;
			defaultConfigurationName = Release;
		};
		67BBA3EF2A881C3D00B99C16 /* Build configuration list for PBXNativeTarget "ClientsDBUITests" */ = {
			isa = XCConfigurationList;
			buildConfigurations = (
				67BBA3F02A881C3D00B99C16 /* Debug */,
				67BBA3F12A881C3D00B99C16 /* Release */,
			);
			defaultConfigurationIsVisible = 0;
			defaultConfigurationName = Release;
		};
/* End XCConfigurationList section */

/* Begin XCVersionGroup section */
		67BBA3F62A881C6900B99C16 /* Clients.xcdatamodeld */ = {
			isa = XCVersionGroup;
			children = (
				67BBA3F72A881C6900B99C16 /* Clients.xcdatamodel */,
			);
			currentVersion = 67BBA3F72A881C6900B99C16 /* Clients.xcdatamodel */;
			path = Clients.xcdatamodeld;
			sourceTree = "<group>";
			versionGroupType = wrapper.xcdatamodel;
		};
/* End XCVersionGroup section */
	};
	rootObject = 67BBA3BD2A881C3C00B99C16 /* Project object */;
}
