// !$*UTF8*$!
{
	archiveVersion = 1;
	classes = {
	};
	objectVersion = 56;
	objects = {

/* Begin PBXBuildFile section */
		67AA4FE82A881BD100A5949A /* CoreDataUnitTestsApp.swift in Sources */ = {isa = PBXBuildFile; fileRef = 67AA4FE72A881BD100A5949A /* CoreDataUnitTestsApp.swift */; };
		67AA4FEA2A881BD100A5949A /* ContentView.swift in Sources */ = {isa = PBXBuildFile; fileRef = 67AA4FE92A881BD100A5949A /* ContentView.swift */; };
		67AA4FEC2A881BD200A5949A /* Assets.xcassets in Resources */ = {isa = PBXBuildFile; fileRef = 67AA4FEB2A881BD200A5949A /* Assets.xcassets */; };
		67AA4FEF2A881BD200A5949A /* Preview Assets.xcassets in Resources */ = {isa = PBXBuildFile; fileRef = 67AA4FEE2A881BD200A5949A /* Preview Assets.xcassets */; };
		67AA4FF92A881BD200A5949A /* CoreDataUnitTestsTests.swift in Sources */ = {isa = PBXBuildFile; fileRef = 67AA4FF82A881BD200A5949A /* CoreDataUnitTestsTests.swift */; };
		67AA50032A881BD200A5949A /* CoreDataUnitTestsUITests.swift in Sources */ = {isa = PBXBuildFile; fileRef = 67AA50022A881BD200A5949A /* CoreDataUnitTestsUITests.swift */; };
		67AA50052A881BD200A5949A /* CoreDataUnitTestsUITestsLaunchTests.swift in Sources */ = {isa = PBXBuildFile; fileRef = 67AA50042A881BD200A5949A /* CoreDataUnitTestsUITestsLaunchTests.swift */; };
		67AA50132A881BED00A5949A /* Clients.xcdatamodeld in Sources */ = {isa = PBXBuildFile; fileRef = 67AA50112A881BED00A5949A /* Clients.xcdatamodeld */; };
/* End PBXBuildFile section */

/* Begin PBXContainerItemProxy section */
		67AA4FF52A881BD200A5949A /* PBXContainerItemProxy */ = {
			isa = PBXContainerItemProxy;
			containerPortal = 67AA4FDC2A881BD100A5949A /* Project object */;
			proxyType = 1;
			remoteGlobalIDString = 67AA4FE32A881BD100A5949A;
			remoteInfo = CoreDataUnitTests;
		};
		67AA4FFF2A881BD200A5949A /* PBXContainerItemProxy */ = {
			isa = PBXContainerItemProxy;
			containerPortal = 67AA4FDC2A881BD100A5949A /* Project object */;
			proxyType = 1;
			remoteGlobalIDString = 67AA4FE32A881BD100A5949A;
			remoteInfo = CoreDataUnitTests;
		};
/* End PBXContainerItemProxy section */

/* Begin PBXFileReference section */
		67AA4FE42A881BD100A5949A /* CoreDataUnitTests.app */ = {isa = PBXFileReference; explicitFileType = wrapper.application; includeInIndex = 0; path = CoreDataUnitTests.app; sourceTree = BUILT_PRODUCTS_DIR; };
		67AA4FE72A881BD100A5949A /* CoreDataUnitTestsApp.swift */ = {isa = PBXFileReference; lastKnownFileType = sourcecode.swift; path = CoreDataUnitTestsApp.swift; sourceTree = "<group>"; };
		67AA4FE92A881BD100A5949A /* ContentView.swift */ = {isa = PBXFileReference; lastKnownFileType = sourcecode.swift; path = ContentView.swift; sourceTree = "<group>"; };
		67AA4FEB2A881BD200A5949A /* Assets.xcassets */ = {isa = PBXFileReference; lastKnownFileType = folder.assetcatalog; path = Assets.xcassets; sourceTree = "<group>"; };
		67AA4FEE2A881BD200A5949A /* Preview Assets.xcassets */ = {isa = PBXFileReference; lastKnownFileType = folder.assetcatalog; path = "Preview Assets.xcassets"; sourceTree = "<group>"; };
		67AA4FF42A881BD200A5949A /* CoreDataUnitTestsTests.xctest */ = {isa = PBXFileReference; explicitFileType = wrapper.cfbundle; includeInIndex = 0; path = CoreDataUnitTestsTests.xctest; sourceTree = BUILT_PRODUCTS_DIR; };
		67AA4FF82A881BD200A5949A /* CoreDataUnitTestsTests.swift */ = {isa = PBXFileReference; lastKnownFileType = sourcecode.swift; path = CoreDataUnitTestsTests.swift; sourceTree = "<group>"; };
		67AA4FFE2A881BD200A5949A /* CoreDataUnitTestsUITests.xctest */ = {isa = PBXFileReference; explicitFileType = wrapper.cfbundle; includeInIndex = 0; path = CoreDataUnitTestsUITests.xctest; sourceTree = BUILT_PRODUCTS_DIR; };
		67AA50022A881BD200A5949A /* CoreDataUnitTestsUITests.swift */ = {isa = PBXFileReference; lastKnownFileType = sourcecode.swift; path = CoreDataUnitTestsUITests.swift; sourceTree = "<group>"; };
		67AA50042A881BD200A5949A /* CoreDataUnitTestsUITestsLaunchTests.swift */ = {isa = PBXFileReference; lastKnownFileType = sourcecode.swift; path = CoreDataUnitTestsUITestsLaunchTests.swift; sourceTree = "<group>"; };
		67AA50122A881BED00A5949A /* Clients.xcdatamodel */ = {isa = PBXFileReference; lastKnownFileType = wrapper.xcdatamodel; path = Clients.xcdatamodel; sourceTree = "<group>"; };
/* End PBXFileReference section */

/* Begin PBXFrameworksBuildPhase section */
		67AA4FE12A881BD100A5949A /* Frameworks */ = {
			isa = PBXFrameworksBuildPhase;
			buildActionMask = 2147483647;
			files = (
			);
			runOnlyForDeploymentPostprocessing = 0;
		};
		67AA4FF12A881BD200A5949A /* Frameworks */ = {
			isa = PBXFrameworksBuildPhase;
			buildActionMask = 2147483647;
			files = (
			);
			runOnlyForDeploymentPostprocessing = 0;
		};
		67AA4FFB2A881BD200A5949A /* Frameworks */ = {
			isa = PBXFrameworksBuildPhase;
			buildActionMask = 2147483647;
			files = (
			);
			runOnlyForDeploymentPostprocessing = 0;
		};
/* End PBXFrameworksBuildPhase section */

/* Begin PBXGroup section */
		67AA4FDB2A881BD100A5949A = {
			isa = PBXGroup;
			children = (
				67AA4FE62A881BD100A5949A /* CoreDataUnitTests */,
				67AA4FF72A881BD200A5949A /* CoreDataUnitTestsTests */,
				67AA50012A881BD200A5949A /* CoreDataUnitTestsUITests */,
				67AA4FE52A881BD100A5949A /* Products */,
			);
			sourceTree = "<group>";
		};
		67AA4FE52A881BD100A5949A /* Products */ = {
			isa = PBXGroup;
			children = (
				67AA4FE42A881BD100A5949A /* CoreDataUnitTests.app */,
				67AA4FF42A881BD200A5949A /* CoreDataUnitTestsTests.xctest */,
				67AA4FFE2A881BD200A5949A /* CoreDataUnitTestsUITests.xctest */,
			);
			name = Products;
			sourceTree = "<group>";
		};
		67AA4FE62A881BD100A5949A /* CoreDataUnitTests */ = {
			isa = PBXGroup;
			children = (
				67AA4FE72A881BD100A5949A /* CoreDataUnitTestsApp.swift */,
				67AA4FE92A881BD100A5949A /* ContentView.swift */,
				67AA4FEB2A881BD200A5949A /* Assets.xcassets */,
				67AA4FED2A881BD200A5949A /* Preview Content */,
				67AA50112A881BED00A5949A /* Clients.xcdatamodeld */,
			);
			path = CoreDataUnitTests;
			sourceTree = "<group>";
		};
		67AA4FED2A881BD200A5949A /* Preview Content */ = {
			isa = PBXGroup;
			children = (
				67AA4FEE2A881BD200A5949A /* Preview Assets.xcassets */,
			);
			path = "Preview Content";
			sourceTree = "<group>";
		};
		67AA4FF72A881BD200A5949A /* CoreDataUnitTestsTests */ = {
			isa = PBXGroup;
			children = (
				67AA4FF82A881BD200A5949A /* CoreDataUnitTestsTests.swift */,
			);
			path = CoreDataUnitTestsTests;
			sourceTree = "<group>";
		};
		67AA50012A881BD200A5949A /* CoreDataUnitTestsUITests */ = {
			isa = PBXGroup;
			children = (
				67AA50022A881BD200A5949A /* CoreDataUnitTestsUITests.swift */,
				67AA50042A881BD200A5949A /* CoreDataUnitTestsUITestsLaunchTests.swift */,
			);
			path = CoreDataUnitTestsUITests;
			sourceTree = "<group>";
		};
/* End PBXGroup section */

/* Begin PBXNativeTarget section */
		67AA4FE32A881BD100A5949A /* CoreDataUnitTests */ = {
			isa = PBXNativeTarget;
			buildConfigurationList = 67AA50082A881BD200A5949A /* Build configuration list for PBXNativeTarget "CoreDataUnitTests" */;
			buildPhases = (
				67AA4FE02A881BD100A5949A /* Sources */,
				67AA4FE12A881BD100A5949A /* Frameworks */,
				67AA4FE22A881BD100A5949A /* Resources */,
			);
			buildRules = (
			);
			dependencies = (
			);
			name = CoreDataUnitTests;
			productName = CoreDataUnitTests;
			productReference = 67AA4FE42A881BD100A5949A /* CoreDataUnitTests.app */;
			productType = "com.apple.product-type.application";
		};
		67AA4FF32A881BD200A5949A /* CoreDataUnitTestsTests */ = {
			isa = PBXNativeTarget;
			buildConfigurationList = 67AA500B2A881BD200A5949A /* Build configuration list for PBXNativeTarget "CoreDataUnitTestsTests" */;
			buildPhases = (
				67AA4FF02A881BD200A5949A /* Sources */,
				67AA4FF12A881BD200A5949A /* Frameworks */,
				67AA4FF22A881BD200A5949A /* Resources */,
			);
			buildRules = (
			);
			dependencies = (
				67AA4FF62A881BD200A5949A /* PBXTargetDependency */,
			);
			name = CoreDataUnitTestsTests;
			productName = CoreDataUnitTestsTests;
			productReference = 67AA4FF42A881BD200A5949A /* CoreDataUnitTestsTests.xctest */;
			productType = "com.apple.product-type.bundle.unit-test";
		};
		67AA4FFD2A881BD200A5949A /* CoreDataUnitTestsUITests */ = {
			isa = PBXNativeTarget;
			buildConfigurationList = 67AA500E2A881BD200A5949A /* Build configuration list for PBXNativeTarget "CoreDataUnitTestsUITests" */;
			buildPhases = (
				67AA4FFA2A881BD200A5949A /* Sources */,
				67AA4FFB2A881BD200A5949A /* Frameworks */,
				67AA4FFC2A881BD200A5949A /* Resources */,
			);
			buildRules = (
			);
			dependencies = (
				67AA50002A881BD200A5949A /* PBXTargetDependency */,
			);
			name = CoreDataUnitTestsUITests;
			productName = CoreDataUnitTestsUITests;
			productReference = 67AA4FFE2A881BD200A5949A /* CoreDataUnitTestsUITests.xctest */;
			productType = "com.apple.product-type.bundle.ui-testing";
		};
/* End PBXNativeTarget section */

/* Begin PBXProject section */
		67AA4FDC2A881BD100A5949A /* Project object */ = {
			isa = PBXProject;
			attributes = {
				BuildIndependentTargetsInParallel = 1;
				LastSwiftUpdateCheck = 1430;
				LastUpgradeCheck = 1430;
				TargetAttributes = {
					67AA4FE32A881BD100A5949A = {
						CreatedOnToolsVersion = 14.3.1;
					};
					67AA4FF32A881BD200A5949A = {
						CreatedOnToolsVersion = 14.3.1;
						TestTargetID = 67AA4FE32A881BD100A5949A;
					};
					67AA4FFD2A881BD200A5949A = {
						CreatedOnToolsVersion = 14.3.1;
						TestTargetID = 67AA4FE32A881BD100A5949A;
					};
				};
			};
			buildConfigurationList = 67AA4FDF2A881BD100A5949A /* Build configuration list for PBXProject "CoreDataUnitTests" */;
			compatibilityVersion = "Xcode 14.0";
			developmentRegion = en;
			hasScannedForEncodings = 0;
			knownRegions = (
				en,
				Base,
			);
			mainGroup = 67AA4FDB2A881BD100A5949A;
			productRefGroup = 67AA4FE52A881BD100A5949A /* Products */;
			projectDirPath = "";
			projectRoot = "";
			targets = (
				67AA4FE32A881BD100A5949A /* CoreDataUnitTests */,
				67AA4FF32A881BD200A5949A /* CoreDataUnitTestsTests */,
				67AA4FFD2A881BD200A5949A /* CoreDataUnitTestsUITests */,
			);
		};
/* End PBXProject section */

/* Begin PBXResourcesBuildPhase section */
		67AA4FE22A881BD100A5949A /* Resources */ = {
			isa = PBXResourcesBuildPhase;
			buildActionMask = 2147483647;
			files = (
				67AA4FEF2A881BD200A5949A /* Preview Assets.xcassets in Resources */,
				67AA4FEC2A881BD200A5949A /* Assets.xcassets in Resources */,
			);
			runOnlyForDeploymentPostprocessing = 0;
		};
		67AA4FF22A881BD200A5949A /* Resources */ = {
			isa = PBXResourcesBuildPhase;
			buildActionMask = 2147483647;
			files = (
			);
			runOnlyForDeploymentPostprocessing = 0;
		};
		67AA4FFC2A881BD200A5949A /* Resources */ = {
			isa = PBXResourcesBuildPhase;
			buildActionMask = 2147483647;
			files = (
			);
			runOnlyForDeploymentPostprocessing = 0;
		};
/* End PBXResourcesBuildPhase section */

/* Begin PBXSourcesBuildPhase section */
		67AA4FE02A881BD100A5949A /* Sources */ = {
			isa = PBXSourcesBuildPhase;
			buildActionMask = 2147483647;
			files = (
				67AA50132A881BED00A5949A /* Clients.xcdatamodeld in Sources */,
				67AA4FEA2A881BD100A5949A /* ContentView.swift in Sources */,
				67AA4FE82A881BD100A5949A /* CoreDataUnitTestsApp.swift in Sources */,
			);
			runOnlyForDeploymentPostprocessing = 0;
		};
		67AA4FF02A881BD200A5949A /* Sources */ = {
			isa = PBXSourcesBuildPhase;
			buildActionMask = 2147483647;
			files = (
				67AA4FF92A881BD200A5949A /* CoreDataUnitTestsTests.swift in Sources */,
			);
			runOnlyForDeploymentPostprocessing = 0;
		};
		67AA4FFA2A881BD200A5949A /* Sources */ = {
			isa = PBXSourcesBuildPhase;
			buildActionMask = 2147483647;
			files = (
				67AA50032A881BD200A5949A /* CoreDataUnitTestsUITests.swift in Sources */,
				67AA50052A881BD200A5949A /* CoreDataUnitTestsUITestsLaunchTests.swift in Sources */,
			);
			runOnlyForDeploymentPostprocessing = 0;
		};
/* End PBXSourcesBuildPhase section */

/* Begin PBXTargetDependency section */
		67AA4FF62A881BD200A5949A /* PBXTargetDependency */ = {
			isa = PBXTargetDependency;
			target = 67AA4FE32A881BD100A5949A /* CoreDataUnitTests */;
			targetProxy = 67AA4FF52A881BD200A5949A /* PBXContainerItemProxy */;
		};
		67AA50002A881BD200A5949A /* PBXTargetDependency */ = {
			isa = PBXTargetDependency;
			target = 67AA4FE32A881BD100A5949A /* CoreDataUnitTests */;
			targetProxy = 67AA4FFF2A881BD200A5949A /* PBXContainerItemProxy */;
		};
/* End PBXTargetDependency section */

/* Begin XCBuildConfiguration section */
		67AA50062A881BD200A5949A /* Debug */ = {
			isa = XCBuildConfiguration;
			buildSettings = {
				ALWAYS_SEARCH_USER_PATHS = NO;
				CLANG_ANALYZER_NONNULL = YES;
				CLANG_ANALYZER_NUMBER_OBJECT_CONVERSION = YES_AGGRESSIVE;
				CLANG_CXX_LANGUAGE_STANDARD = "gnu++20";
				CLANG_ENABLE_MODULES = YES;
				CLANG_ENABLE_OBJC_ARC = YES;
				CLANG_ENABLE_OBJC_WEAK = YES;
				CLANG_WARN_BLOCK_CAPTURE_AUTORELEASING = YES;
				CLANG_WARN_BOOL_CONVERSION = YES;
				CLANG_WARN_COMMA = YES;
				CLANG_WARN_CONSTANT_CONVERSION = YES;
				CLANG_WARN_DEPRECATED_OBJC_IMPLEMENTATIONS = YES;
				CLANG_WARN_DIRECT_OBJC_ISA_USAGE = YES_ERROR;
				CLANG_WARN_DOCUMENTATION_COMMENTS = YES;
				CLANG_WARN_EMPTY_BODY = YES;
				CLANG_WARN_ENUM_CONVERSION = YES;
				CLANG_WARN_INFINITE_RECURSION = YES;
				CLANG_WARN_INT_CONVERSION = YES;
				CLANG_WARN_NON_LITERAL_NULL_CONVERSION = YES;
				CLANG_WARN_OBJC_IMPLICIT_RETAIN_SELF = YES;
				CLANG_WARN_OBJC_LITERAL_CONVERSION = YES;
				CLANG_WARN_OBJC_ROOT_CLASS = YES_ERROR;
				CLANG_WARN_QUOTED_INCLUDE_IN_FRAMEWORK_HEADER = YES;
				CLANG_WARN_RANGE_LOOP_ANALYSIS = YES;
				CLANG_WARN_STRICT_PROTOTYPES = YES;
				CLANG_WARN_SUSPICIOUS_MOVE = YES;
				CLANG_WARN_UNGUARDED_AVAILABILITY = YES_AGGRESSIVE;
				CLANG_WARN_UNREACHABLE_CODE = YES;
				CLANG_WARN__DUPLICATE_METHOD_MATCH = YES;
				COPY_PHASE_STRIP = NO;
				DEBUG_INFORMATION_FORMAT = dwarf;
				ENABLE_STRICT_OBJC_MSGSEND = YES;
				ENABLE_TESTABILITY = YES;
				GCC_C_LANGUAGE_STANDARD = gnu11;
				GCC_DYNAMIC_NO_PIC = NO;
				GCC_NO_COMMON_BLOCKS = YES;
				GCC_OPTIMIZATION_LEVEL = 0;
				GCC_PREPROCESSOR_DEFINITIONS = (
					"DEBUG=1",
					"$(inherited)",
				);
				GCC_WARN_64_TO_32_BIT_CONVERSION = YES;
				GCC_WARN_ABOUT_RETURN_TYPE = YES_ERROR;
				GCC_WARN_UNDECLARED_SELECTOR = YES;
				GCC_WARN_UNINITIALIZED_AUTOS = YES_AGGRESSIVE;
				GCC_WARN_UNUSED_FUNCTION = YES;
				GCC_WARN_UNUSED_VARIABLE = YES;
				IPHONEOS_DEPLOYMENT_TARGET = 16.4;
				MTL_ENABLE_DEBUG_INFO = INCLUDE_SOURCE;
				MTL_FAST_MATH = YES;
				ONLY_ACTIVE_ARCH = YES;
				SDKROOT = iphoneos;
				SWIFT_ACTIVE_COMPILATION_CONDITIONS = DEBUG;
				SWIFT_OPTIMIZATION_LEVEL = "-Onone";
			};
			name = Debug;
		};
		67AA50072A881BD200A5949A /* Release */ = {
			isa = XCBuildConfiguration;
			buildSettings = {
				ALWAYS_SEARCH_USER_PATHS = NO;
				CLANG_ANALYZER_NONNULL = YES;
				CLANG_ANALYZER_NUMBER_OBJECT_CONVERSION = YES_AGGRESSIVE;
				CLANG_CXX_LANGUAGE_STANDARD = "gnu++20";
				CLANG_ENABLE_MODULES = YES;
				CLANG_ENABLE_OBJC_ARC = YES;
				CLANG_ENABLE_OBJC_WEAK = YES;
				CLANG_WARN_BLOCK_CAPTURE_AUTORELEASING = YES;
				CLANG_WARN_BOOL_CONVERSION = YES;
				CLANG_WARN_COMMA = YES;
				CLANG_WARN_CONSTANT_CONVERSION = YES;
				CLANG_WARN_DEPRECATED_OBJC_IMPLEMENTATIONS = YES;
				CLANG_WARN_DIRECT_OBJC_ISA_USAGE = YES_ERROR;
				CLANG_WARN_DOCUMENTATION_COMMENTS = YES;
				CLANG_WARN_EMPTY_BODY = YES;
				CLANG_WARN_ENUM_CONVERSION = YES;
				CLANG_WARN_INFINITE_RECURSION = YES;
				CLANG_WARN_INT_CONVERSION = YES;
				CLANG_WARN_NON_LITERAL_NULL_CONVERSION = YES;
				CLANG_WARN_OBJC_IMPLICIT_RETAIN_SELF = YES;
				CLANG_WARN_OBJC_LITERAL_CONVERSION = YES;
				CLANG_WARN_OBJC_ROOT_CLASS = YES_ERROR;
				CLANG_WARN_QUOTED_INCLUDE_IN_FRAMEWORK_HEADER = YES;
				CLANG_WARN_RANGE_LOOP_ANALYSIS = YES;
				CLANG_WARN_STRICT_PROTOTYPES = YES;
				CLANG_WARN_SUSPICIOUS_MOVE = YES;
				CLANG_WARN_UNGUARDED_AVAILABILITY = YES_AGGRESSIVE;
				CLANG_WARN_UNREACHABLE_CODE = YES;
				CLANG_WARN__DUPLICATE_METHOD_MATCH = YES;
				COPY_PHASE_STRIP = NO;
				DEBUG_INFORMATION_FORMAT = "dwarf-with-dsym";
				ENABLE_NS_ASSERTIONS = NO;
				ENABLE_STRICT_OBJC_MSGSEND = YES;
				GCC_C_LANGUAGE_STANDARD = gnu11;
				GCC_NO_COMMON_BLOCKS = YES;
				GCC_WARN_64_TO_32_BIT_CONVERSION = YES;
				GCC_WARN_ABOUT_RETURN_TYPE = YES_ERROR;
				GCC_WARN_UNDECLARED_SELECTOR = YES;
				GCC_WARN_UNINITIALIZED_AUTOS = YES_AGGRESSIVE;
				GCC_WARN_UNUSED_FUNCTION = YES;
				GCC_WARN_UNUSED_VARIABLE = YES;
				IPHONEOS_DEPLOYMENT_TARGET = 16.4;
				MTL_ENABLE_DEBUG_INFO = NO;
				MTL_FAST_MATH = YES;
				SDKROOT = iphoneos;
				SWIFT_COMPILATION_MODE = wholemodule;
				SWIFT_OPTIMIZATION_LEVEL = "-O";
				VALIDATE_PRODUCT = YES;
			};
			name = Release;
		};
		67AA50092A881BD200A5949A /* Debug */ = {
			isa = XCBuildConfiguration;
			buildSettings = {
				ASSETCATALOG_COMPILER_APPICON_NAME = AppIcon;
				ASSETCATALOG_COMPILER_GLOBAL_ACCENT_COLOR_NAME = AccentColor;
				CODE_SIGN_STYLE = Automatic;
				CURRENT_PROJECT_VERSION = 1;
				DEVELOPMENT_ASSET_PATHS = "\"CoreDataUnitTests/Preview Content\"";
				DEVELOPMENT_TEAM = 242HT6L8AJ;
				ENABLE_PREVIEWS = YES;
				GENERATE_INFOPLIST_FILE = YES;
				INFOPLIST_KEY_UIApplicationSceneManifest_Generation = YES;
				INFOPLIST_KEY_UIApplicationSupportsIndirectInputEvents = YES;
				INFOPLIST_KEY_UILaunchScreen_Generation = YES;
				INFOPLIST_KEY_UISupportedInterfaceOrientations_iPad = "UIInterfaceOrientationPortrait UIInterfaceOrientationPortraitUpsideDown UIInterfaceOrientationLandscapeLeft UIInterfaceOrientationLandscapeRight";
				INFOPLIST_KEY_UISupportedInterfaceOrientations_iPhone = "UIInterfaceOrientationPortrait UIInterfaceOrientationLandscapeLeft UIInterfaceOrientationLandscapeRight";
				LD_RUNPATH_SEARCH_PATHS = (
					"$(inherited)",
					"@executable_path/Frameworks",
				);
				MARKETING_VERSION = 1.0;
				PRODUCT_BUNDLE_IDENTIFIER = geolenko.CoreDataUnitTests;
				PRODUCT_NAME = "$(TARGET_NAME)";
				SWIFT_EMIT_LOC_STRINGS = YES;
				SWIFT_VERSION = 5.0;
				TARGETED_DEVICE_FAMILY = "1,2";
			};
			name = Debug;
		};
		67AA500A2A881BD200A5949A /* Release */ = {
			isa = XCBuildConfiguration;
			buildSettings = {
				ASSETCATALOG_COMPILER_APPICON_NAME = AppIcon;
				ASSETCATALOG_COMPILER_GLOBAL_ACCENT_COLOR_NAME = AccentColor;
				CODE_SIGN_STYLE = Automatic;
				CURRENT_PROJECT_VERSION = 1;
				DEVELOPMENT_ASSET_PATHS = "\"CoreDataUnitTests/Preview Content\"";
				DEVELOPMENT_TEAM = 242HT6L8AJ;
				ENABLE_PREVIEWS = YES;
				GENERATE_INFOPLIST_FILE = YES;
				INFOPLIST_KEY_UIApplicationSceneManifest_Generation = YES;
				INFOPLIST_KEY_UIApplicationSupportsIndirectInputEvents = YES;
				INFOPLIST_KEY_UILaunchScreen_Generation = YES;
				INFOPLIST_KEY_UISupportedInterfaceOrientations_iPad = "UIInterfaceOrientationPortrait UIInterfaceOrientationPortraitUpsideDown UIInterfaceOrientationLandscapeLeft UIInterfaceOrientationLandscapeRight";
				INFOPLIST_KEY_UISupportedInterfaceOrientations_iPhone = "UIInterfaceOrientationPortrait UIInterfaceOrientationLandscapeLeft UIInterfaceOrientationLandscapeRight";
				LD_RUNPATH_SEARCH_PATHS = (
					"$(inherited)",
					"@executable_path/Frameworks",
				);
				MARKETING_VERSION = 1.0;
				PRODUCT_BUNDLE_IDENTIFIER = geolenko.CoreDataUnitTests;
				PRODUCT_NAME = "$(TARGET_NAME)";
				SWIFT_EMIT_LOC_STRINGS = YES;
				SWIFT_VERSION = 5.0;
				TARGETED_DEVICE_FAMILY = "1,2";
			};
			name = Release;
		};
		67AA500C2A881BD200A5949A /* Debug */ = {
			isa = XCBuildConfiguration;
			buildSettings = {
				ALWAYS_EMBED_SWIFT_STANDARD_LIBRARIES = YES;
				BUNDLE_LOADER = "$(TEST_HOST)";
				CODE_SIGN_STYLE = Automatic;
				CURRENT_PROJECT_VERSION = 1;
				DEVELOPMENT_TEAM = 242HT6L8AJ;
				GENERATE_INFOPLIST_FILE = YES;
				IPHONEOS_DEPLOYMENT_TARGET = 16.4;
				MARKETING_VERSION = 1.0;
				PRODUCT_BUNDLE_IDENTIFIER = geolenko.CoreDataUnitTestsTests;
				PRODUCT_NAME = "$(TARGET_NAME)";
				SWIFT_EMIT_LOC_STRINGS = NO;
				SWIFT_VERSION = 5.0;
				TARGETED_DEVICE_FAMILY = "1,2";
				TEST_HOST = "$(BUILT_PRODUCTS_DIR)/CoreDataUnitTests.app/$(BUNDLE_EXECUTABLE_FOLDER_PATH)/CoreDataUnitTests";
			};
			name = Debug;
		};
		67AA500D2A881BD200A5949A /* Release */ = {
			isa = XCBuildConfiguration;
			buildSettings = {
				ALWAYS_EMBED_SWIFT_STANDARD_LIBRARIES = YES;
				BUNDLE_LOADER = "$(TEST_HOST)";
				CODE_SIGN_STYLE = Automatic;
				CURRENT_PROJECT_VERSION = 1;
				DEVELOPMENT_TEAM = 242HT6L8AJ;
				GENERATE_INFOPLIST_FILE = YES;
				IPHONEOS_DEPLOYMENT_TARGET = 16.4;
				MARKETING_VERSION = 1.0;
				PRODUCT_BUNDLE_IDENTIFIER = geolenko.CoreDataUnitTestsTests;
				PRODUCT_NAME = "$(TARGET_NAME)";
				SWIFT_EMIT_LOC_STRINGS = NO;
				SWIFT_VERSION = 5.0;
				TARGETED_DEVICE_FAMILY = "1,2";
				TEST_HOST = "$(BUILT_PRODUCTS_DIR)/CoreDataUnitTests.app/$(BUNDLE_EXECUTABLE_FOLDER_PATH)/CoreDataUnitTests";
			};
			name = Release;
		};
		67AA500F2A881BD200A5949A /* Debug */ = {
			isa = XCBuildConfiguration;
			buildSettings = {
				ALWAYS_EMBED_SWIFT_STANDARD_LIBRARIES = YES;
				CODE_SIGN_STYLE = Automatic;
				CURRENT_PROJECT_VERSION = 1;
				DEVELOPMENT_TEAM = 242HT6L8AJ;
				GENERATE_INFOPLIST_FILE = YES;
				MARKETING_VERSION = 1.0;
				PRODUCT_BUNDLE_IDENTIFIER = geolenko.CoreDataUnitTestsUITests;
				PRODUCT_NAME = "$(TARGET_NAME)";
				SWIFT_EMIT_LOC_STRINGS = NO;
				SWIFT_VERSION = 5.0;
				TARGETED_DEVICE_FAMILY = "1,2";
				TEST_TARGET_NAME = CoreDataUnitTests;
			};
			name = Debug;
		};
		67AA50102A881BD200A5949A /* Release */ = {
			isa = XCBuildConfiguration;
			buildSettings = {
				ALWAYS_EMBED_SWIFT_STANDARD_LIBRARIES = YES;
				CODE_SIGN_STYLE = Automatic;
				CURRENT_PROJECT_VERSION = 1;
				DEVELOPMENT_TEAM = 242HT6L8AJ;
				GENERATE_INFOPLIST_FILE = YES;
				MARKETING_VERSION = 1.0;
				PRODUCT_BUNDLE_IDENTIFIER = geolenko.CoreDataUnitTestsUITests;
				PRODUCT_NAME = "$(TARGET_NAME)";
				SWIFT_EMIT_LOC_STRINGS = NO;
				SWIFT_VERSION = 5.0;
				TARGETED_DEVICE_FAMILY = "1,2";
				TEST_TARGET_NAME = CoreDataUnitTests;
			};
			name = Release;
		};
/* End XCBuildConfiguration section */

/* Begin XCConfigurationList section */
		67AA4FDF2A881BD100A5949A /* Build configuration list for PBXProject "CoreDataUnitTests" */ = {
			isa = XCConfigurationList;
			buildConfigurations = (
				67AA50062A881BD200A5949A /* Debug */,
				67AA50072A881BD200A5949A /* Release */,
			);
			defaultConfigurationIsVisible = 0;
			defaultConfigurationName = Release;
		};
		67AA50082A881BD200A5949A /* Build configuration list for PBXNativeTarget "CoreDataUnitTests" */ = {
			isa = XCConfigurationList;
			buildConfigurations = (
				67AA50092A881BD200A5949A /* Debug */,
				67AA500A2A881BD200A5949A /* Release */,
			);
			defaultConfigurationIsVisible = 0;
			defaultConfigurationName = Release;
		};
		67AA500B2A881BD200A5949A /* Build configuration list for PBXNativeTarget "CoreDataUnitTestsTests" */ = {
			isa = XCConfigurationList;
			buildConfigurations = (
				67AA500C2A881BD200A5949A /* Debug */,
				67AA500D2A881BD200A5949A /* Release */,
			);
			defaultConfigurationIsVisible = 0;
			defaultConfigurationName = Release;
		};
		67AA500E2A881BD200A5949A /* Build configuration list for PBXNativeTarget "CoreDataUnitTestsUITests" */ = {
			isa = XCConfigurationList;
			buildConfigurations = (
				67AA500F2A881BD200A5949A /* Debug */,
				67AA50102A881BD200A5949A /* Release */,
			);
			defaultConfigurationIsVisible = 0;
			defaultConfigurationName = Release;
		};
/* End XCConfigurationList section */

/* Begin XCVersionGroup section */
		67AA50112A881BED00A5949A /* Clients.xcdatamodeld */ = {
			isa = XCVersionGroup;
			children = (
				67AA50122A881BED00A5949A /* Clients.xcdatamodel */,
			);
			currentVersion = 67AA50122A881BED00A5949A /* Clients.xcdatamodel */;
			path = Clients.xcdatamodeld;
			sourceTree = "<group>";
			versionGroupType = wrapper.xcdatamodel;
		};
/* End XCVersionGroup section */
	};
	rootObject = 67AA4FDC2A881BD100A5949A /* Project object */;
}
